// !$*UTF8*$!
{
	archiveVersion = 1;
	classes = {
	};
	objectVersion = 50;
	objects = {

/* Begin PBXBuildFile section */
		0F19F1AF219F670A001C8284 /* StartScreenViewController.swift in Sources */ = {isa = PBXBuildFile; fileRef = 0F19F1AE219F670A001C8284 /* StartScreenViewController.swift */; };
		0F1A34382187FD3F00873F96 /* GameModel.swift in Sources */ = {isa = PBXBuildFile; fileRef = 0F1A34372187FD3F00873F96 /* GameModel.swift */; };
		0F26319521718B2A006026F1 /* AppDelegate.swift in Sources */ = {isa = PBXBuildFile; fileRef = 0F26319421718B2A006026F1 /* AppDelegate.swift */; };
		0F26319721718B2A006026F1 /* GameViewController.swift in Sources */ = {isa = PBXBuildFile; fileRef = 0F26319621718B2A006026F1 /* GameViewController.swift */; };
		0F26319A21718B2A006026F1 /* Main.storyboard in Resources */ = {isa = PBXBuildFile; fileRef = 0F26319821718B2A006026F1 /* Main.storyboard */; };
		0F26319C21718B2B006026F1 /* Assets.xcassets in Resources */ = {isa = PBXBuildFile; fileRef = 0F26319B21718B2B006026F1 /* Assets.xcassets */; };
		0F26319F21718B2B006026F1 /* LaunchScreen.storyboard in Resources */ = {isa = PBXBuildFile; fileRef = 0F26319D21718B2B006026F1 /* LaunchScreen.storyboard */; };
		0F4B895821B6F8AA009D4270 /* bip.mp3 in Resources */ = {isa = PBXBuildFile; fileRef = 0F4B895221B6F8A9009D4270 /* bip.mp3 */; };
		0F4B895921B6F8AA009D4270 /* correct.mp3 in Resources */ = {isa = PBXBuildFile; fileRef = 0F4B895321B6F8A9009D4270 /* correct.mp3 */; };
		0F4B895A21B6F8AA009D4270 /* clack.mp3 in Resources */ = {isa = PBXBuildFile; fileRef = 0F4B895421B6F8A9009D4270 /* clack.mp3 */; };
		0F4B895B21B6F8AA009D4270 /* error.mp3 in Resources */ = {isa = PBXBuildFile; fileRef = 0F4B895521B6F8AA009D4270 /* error.mp3 */; };
		0F4B895C21B6F8AA009D4270 /* PlaySoundFunction.swift in Sources */ = {isa = PBXBuildFile; fileRef = 0F4B895621B6F8AA009D4270 /* PlaySoundFunction.swift */; };
		0F4B895D21B6F8AA009D4270 /* fonfar.mp3 in Resources */ = {isa = PBXBuildFile; fileRef = 0F4B895721B6F8AA009D4270 /* fonfar.mp3 */; };
		0F9307A921B85CB600558FC3 /* ES American.ttf in Resources */ = {isa = PBXBuildFile; fileRef = 0F93079C21B85CB500558FC3 /* ES American.ttf */; };
		0F9307AA21B85CB600558FC3 /* ES Gingerbread.ttf in Resources */ = {isa = PBXBuildFile; fileRef = 0F93079D21B85CB500558FC3 /* ES Gingerbread.ttf */; };
		0F9307AB21B85CB600558FC3 /* ES Euphoria.ttf in Resources */ = {isa = PBXBuildFile; fileRef = 0F93079E21B85CB500558FC3 /* ES Euphoria.ttf */; };
		0F9307AC21B85CB600558FC3 /* ES Revolt.ttf in Resources */ = {isa = PBXBuildFile; fileRef = 0F93079F21B85CB500558FC3 /* ES Revolt.ttf */; };
		0F9307AD21B85CB600558FC3 /* ES Cityscape.ttf in Resources */ = {isa = PBXBuildFile; fileRef = 0F9307A021B85CB500558FC3 /* ES Cityscape.ttf */; };
		0F9307AE21B85CB600558FC3 /* ES Kingthings Willow.ttf in Resources */ = {isa = PBXBuildFile; fileRef = 0F9307A121B85CB500558FC3 /* ES Kingthings Willow.ttf */; };
		0F9307AF21B85CB600558FC3 /* ES Kingthings.ttf in Resources */ = {isa = PBXBuildFile; fileRef = 0F9307A221B85CB500558FC3 /* ES Kingthings.ttf */; };
		0F9307B021B85CB600558FC3 /* ES Exotica.ttf in Resources */ = {isa = PBXBuildFile; fileRef = 0F9307A321B85CB500558FC3 /* ES Exotica.ttf */; };
		0F9307B121B85CB600558FC3 /* ES Fantastic Pete.ttf in Resources */ = {isa = PBXBuildFile; fileRef = 0F9307A421B85CB500558FC3 /* ES Fantastic Pete.ttf */; };
		0F9307B221B85CB600558FC3 /* ES Moonstar.ttf in Resources */ = {isa = PBXBuildFile; fileRef = 0F9307A521B85CB500558FC3 /* ES Moonstar.ttf */; };
		0F9307B321B85CB600558FC3 /* ES Valentine.ttf in Resources */ = {isa = PBXBuildFile; fileRef = 0F9307A621B85CB500558FC3 /* ES Valentine.ttf */; };
		0F9307B421B85CB600558FC3 /* ES Snowfall.ttf in Resources */ = {isa = PBXBuildFile; fileRef = 0F9307A721B85CB600558FC3 /* ES Snowfall.ttf */; };
		0F9307B521B85CB600558FC3 /* ES Merry Christmas.ttf in Resources */ = {isa = PBXBuildFile; fileRef = 0F9307A821B85CB600558FC3 /* ES Merry Christmas.ttf */; };
		0F9307B721B8617B00558FC3 /* ES Christmabet.ttf in Resources */ = {isa = PBXBuildFile; fileRef = 0F9307B621B8617B00558FC3 /* ES Christmabet.ttf */; };
		0F9307B921B861C700558FC3 /* ES Christmas Eve.ttf in Resources */ = {isa = PBXBuildFile; fileRef = 0F9307B821B861C700558FC3 /* ES Christmas Eve.ttf */; };
		0F9307BC21B8624500558FC3 /* ES Merry Christmas Flake.ttf in Resources */ = {isa = PBXBuildFile; fileRef = 0F9307BA21B8624500558FC3 /* ES Merry Christmas Flake.ttf */; };
		0F9307BD21B8624500558FC3 /* ES Merry Christmas Star.ttf in Resources */ = {isa = PBXBuildFile; fileRef = 0F9307BB21B8624500558FC3 /* ES Merry Christmas Star.ttf */; };
		0F9307BF21B8629D00558FC3 /* ES Hello Christmas.ttf in Resources */ = {isa = PBXBuildFile; fileRef = 0F9307BE21B8629D00558FC3 /* ES Hello Christmas.ttf */; };
		0F9307C221B8630500558FC3 /* ES Christmas Lights Outdoor.ttf in Resources */ = {isa = PBXBuildFile; fileRef = 0F9307C021B8630500558FC3 /* ES Christmas Lights Outdoor.ttf */; };
		0F9307C321B8630500558FC3 /* ES Christmas Lights Indoor.ttf in Resources */ = {isa = PBXBuildFile; fileRef = 0F9307C121B8630500558FC3 /* ES Christmas Lights Indoor.ttf */; };
		0F9307C621B8635200558FC3 /* ES Christmas.ttf in Resources */ = {isa = PBXBuildFile; fileRef = 0F9307C421B8635200558FC3 /* ES Christmas.ttf */; };
		0F9307C721B8635200558FC3 /* ES Flakes.ttf in Resources */ = {isa = PBXBuildFile; fileRef = 0F9307C521B8635200558FC3 /* ES Flakes.ttf */; };
		0F9307C921B8638300558FC3 /* ES Christmas Sounds.ttf in Resources */ = {isa = PBXBuildFile; fileRef = 0F9307C821B8638300558FC3 /* ES Christmas Sounds.ttf */; };
		0F9307CB21B863AC00558FC3 /* ES Christmas Tinsel.ttf in Resources */ = {isa = PBXBuildFile; fileRef = 0F9307CA21B863AC00558FC3 /* ES Christmas Tinsel.ttf */; };
		0F9307CD21B863D300558FC3 /* ES Kingthings Christmas.ttf in Resources */ = {isa = PBXBuildFile; fileRef = 0F9307CC21B863D300558FC3 /* ES Kingthings Christmas.ttf */; };
		0F9307D021B9C4EE00558FC3 /* LabelWithAdaptiveTextHeight.swift in Sources */ = {isa = PBXBuildFile; fileRef = 0F9307CF21B9C4EE00558FC3 /* LabelWithAdaptiveTextHeight.swift */; };
		0FD2F3D32184077100F50A4F /* ScoreScreenViewController.swift in Sources */ = {isa = PBXBuildFile; fileRef = 0FD2F3D22184077100F50A4F /* ScoreScreenViewController.swift */; };
/* End PBXBuildFile section */

/* Begin PBXFileReference section */
		0F19F1AE219F670A001C8284 /* StartScreenViewController.swift */ = {isa = PBXFileReference; lastKnownFileType = sourcecode.swift; path = StartScreenViewController.swift; sourceTree = "<group>"; };
		0F1A34372187FD3F00873F96 /* GameModel.swift */ = {isa = PBXFileReference; lastKnownFileType = sourcecode.swift; path = GameModel.swift; sourceTree = "<group>"; };
		0F26319121718B29006026F1 /* Stroop Game.app */ = {isa = PBXFileReference; explicitFileType = wrapper.application; includeInIndex = 0; path = "Stroop Game.app"; sourceTree = BUILT_PRODUCTS_DIR; };
		0F26319421718B2A006026F1 /* AppDelegate.swift */ = {isa = PBXFileReference; lastKnownFileType = sourcecode.swift; path = AppDelegate.swift; sourceTree = "<group>"; };
		0F26319621718B2A006026F1 /* GameViewController.swift */ = {isa = PBXFileReference; lastKnownFileType = sourcecode.swift; path = GameViewController.swift; sourceTree = "<group>"; };
		0F26319921718B2A006026F1 /* Base */ = {isa = PBXFileReference; lastKnownFileType = file.storyboard; name = Base; path = Base.lproj/Main.storyboard; sourceTree = "<group>"; };
		0F26319B21718B2B006026F1 /* Assets.xcassets */ = {isa = PBXFileReference; lastKnownFileType = folder.assetcatalog; path = Assets.xcassets; sourceTree = "<group>"; };
		0F26319E21718B2B006026F1 /* Base */ = {isa = PBXFileReference; lastKnownFileType = file.storyboard; name = Base; path = Base.lproj/LaunchScreen.storyboard; sourceTree = "<group>"; };
		0F2631A021718B2B006026F1 /* Info.plist */ = {isa = PBXFileReference; lastKnownFileType = text.plist.xml; path = Info.plist; sourceTree = "<group>"; };
		0F4B895221B6F8A9009D4270 /* bip.mp3 */ = {isa = PBXFileReference; lastKnownFileType = audio.mp3; path = bip.mp3; sourceTree = "<group>"; };
		0F4B895321B6F8A9009D4270 /* correct.mp3 */ = {isa = PBXFileReference; lastKnownFileType = audio.mp3; path = correct.mp3; sourceTree = "<group>"; };
		0F4B895421B6F8A9009D4270 /* clack.mp3 */ = {isa = PBXFileReference; lastKnownFileType = audio.mp3; path = clack.mp3; sourceTree = "<group>"; };
		0F4B895521B6F8AA009D4270 /* error.mp3 */ = {isa = PBXFileReference; lastKnownFileType = audio.mp3; path = error.mp3; sourceTree = "<group>"; };
		0F4B895621B6F8AA009D4270 /* PlaySoundFunction.swift */ = {isa = PBXFileReference; fileEncoding = 4; lastKnownFileType = sourcecode.swift; path = PlaySoundFunction.swift; sourceTree = "<group>"; };
		0F4B895721B6F8AA009D4270 /* fonfar.mp3 */ = {isa = PBXFileReference; lastKnownFileType = audio.mp3; path = fonfar.mp3; sourceTree = "<group>"; };
		0F93079C21B85CB500558FC3 /* ES American.ttf */ = {isa = PBXFileReference; lastKnownFileType = file; path = "ES American.ttf"; sourceTree = "<group>"; };
		0F93079D21B85CB500558FC3 /* ES Gingerbread.ttf */ = {isa = PBXFileReference; lastKnownFileType = file; path = "ES Gingerbread.ttf"; sourceTree = "<group>"; };
		0F93079E21B85CB500558FC3 /* ES Euphoria.ttf */ = {isa = PBXFileReference; lastKnownFileType = file; path = "ES Euphoria.ttf"; sourceTree = "<group>"; };
		0F93079F21B85CB500558FC3 /* ES Revolt.ttf */ = {isa = PBXFileReference; lastKnownFileType = file; path = "ES Revolt.ttf"; sourceTree = "<group>"; };
		0F9307A021B85CB500558FC3 /* ES Cityscape.ttf */ = {isa = PBXFileReference; lastKnownFileType = file; path = "ES Cityscape.ttf"; sourceTree = "<group>"; };
		0F9307A121B85CB500558FC3 /* ES Kingthings Willow.ttf */ = {isa = PBXFileReference; lastKnownFileType = file; path = "ES Kingthings Willow.ttf"; sourceTree = "<group>"; };
		0F9307A221B85CB500558FC3 /* ES Kingthings.ttf */ = {isa = PBXFileReference; lastKnownFileType = file; path = "ES Kingthings.ttf"; sourceTree = "<group>"; };
		0F9307A321B85CB500558FC3 /* ES Exotica.ttf */ = {isa = PBXFileReference; lastKnownFileType = file; path = "ES Exotica.ttf"; sourceTree = "<group>"; };
		0F9307A421B85CB500558FC3 /* ES Fantastic Pete.ttf */ = {isa = PBXFileReference; lastKnownFileType = file; path = "ES Fantastic Pete.ttf"; sourceTree = "<group>"; };
		0F9307A521B85CB500558FC3 /* ES Moonstar.ttf */ = {isa = PBXFileReference; lastKnownFileType = file; path = "ES Moonstar.ttf"; sourceTree = "<group>"; };
		0F9307A621B85CB500558FC3 /* ES Valentine.ttf */ = {isa = PBXFileReference; lastKnownFileType = file; path = "ES Valentine.ttf"; sourceTree = "<group>"; };
		0F9307A721B85CB600558FC3 /* ES Snowfall.ttf */ = {isa = PBXFileReference; lastKnownFileType = file; path = "ES Snowfall.ttf"; sourceTree = "<group>"; };
		0F9307A821B85CB600558FC3 /* ES Merry Christmas.ttf */ = {isa = PBXFileReference; lastKnownFileType = file; path = "ES Merry Christmas.ttf"; sourceTree = "<group>"; };
		0F9307B621B8617B00558FC3 /* ES Christmabet.ttf */ = {isa = PBXFileReference; lastKnownFileType = file; path = "ES Christmabet.ttf"; sourceTree = "<group>"; };
		0F9307B821B861C700558FC3 /* ES Christmas Eve.ttf */ = {isa = PBXFileReference; lastKnownFileType = file; path = "ES Christmas Eve.ttf"; sourceTree = "<group>"; };
		0F9307BA21B8624500558FC3 /* ES Merry Christmas Flake.ttf */ = {isa = PBXFileReference; lastKnownFileType = file; path = "ES Merry Christmas Flake.ttf"; sourceTree = "<group>"; };
		0F9307BB21B8624500558FC3 /* ES Merry Christmas Star.ttf */ = {isa = PBXFileReference; lastKnownFileType = file; path = "ES Merry Christmas Star.ttf"; sourceTree = "<group>"; };
		0F9307BE21B8629D00558FC3 /* ES Hello Christmas.ttf */ = {isa = PBXFileReference; lastKnownFileType = file; path = "ES Hello Christmas.ttf"; sourceTree = "<group>"; };
		0F9307C021B8630500558FC3 /* ES Christmas Lights Outdoor.ttf */ = {isa = PBXFileReference; lastKnownFileType = file; path = "ES Christmas Lights Outdoor.ttf"; sourceTree = "<group>"; };
		0F9307C121B8630500558FC3 /* ES Christmas Lights Indoor.ttf */ = {isa = PBXFileReference; lastKnownFileType = file; path = "ES Christmas Lights Indoor.ttf"; sourceTree = "<group>"; };
		0F9307C421B8635200558FC3 /* ES Christmas.ttf */ = {isa = PBXFileReference; lastKnownFileType = file; path = "ES Christmas.ttf"; sourceTree = "<group>"; };
		0F9307C521B8635200558FC3 /* ES Flakes.ttf */ = {isa = PBXFileReference; lastKnownFileType = file; path = "ES Flakes.ttf"; sourceTree = "<group>"; };
		0F9307C821B8638300558FC3 /* ES Christmas Sounds.ttf */ = {isa = PBXFileReference; lastKnownFileType = file; path = "ES Christmas Sounds.ttf"; sourceTree = "<group>"; };
		0F9307CA21B863AC00558FC3 /* ES Christmas Tinsel.ttf */ = {isa = PBXFileReference; lastKnownFileType = file; path = "ES Christmas Tinsel.ttf"; sourceTree = "<group>"; };
		0F9307CC21B863D300558FC3 /* ES Kingthings Christmas.ttf */ = {isa = PBXFileReference; lastKnownFileType = file; path = "ES Kingthings Christmas.ttf"; sourceTree = "<group>"; };
		0F9307CF21B9C4EE00558FC3 /* LabelWithAdaptiveTextHeight.swift */ = {isa = PBXFileReference; lastKnownFileType = sourcecode.swift; path = LabelWithAdaptiveTextHeight.swift; sourceTree = "<group>"; };
		0FD2F3D22184077100F50A4F /* ScoreScreenViewController.swift */ = {isa = PBXFileReference; lastKnownFileType = sourcecode.swift; path = ScoreScreenViewController.swift; sourceTree = "<group>"; };
/* End PBXFileReference section */

/* Begin PBXFrameworksBuildPhase section */
		0F26318E21718B29006026F1 /* Frameworks */ = {
			isa = PBXFrameworksBuildPhase;
			buildActionMask = 2147483647;
			files = (
			);
			runOnlyForDeploymentPostprocessing = 0;
		};
/* End PBXFrameworksBuildPhase section */

/* Begin PBXGroup section */
		0F1A34392189484700873F96 /* Controllers */ = {
			isa = PBXGroup;
			children = (
				0F19F1AE219F670A001C8284 /* StartScreenViewController.swift */,
				0F26319621718B2A006026F1 /* GameViewController.swift */,
				0FD2F3D22184077100F50A4F /* ScoreScreenViewController.swift */,
			);
			name = Controllers;
			sourceTree = "<group>";
		};
		0F1A343A2189485E00873F96 /* Models */ = {
			isa = PBXGroup;
			children = (
				0F1A34372187FD3F00873F96 /* GameModel.swift */,
			);
			path = Models;
			sourceTree = "<group>";
		};
		0F1A343B2189486C00873F96 /* Supporting Files */ = {
			isa = PBXGroup;
			children = (
				0F93079B21B8597F00558FC3 /* Fonts */,
				0F4B895221B6F8A9009D4270 /* bip.mp3 */,
				0F4B895421B6F8A9009D4270 /* clack.mp3 */,
				0F4B895321B6F8A9009D4270 /* correct.mp3 */,
				0F4B895521B6F8AA009D4270 /* error.mp3 */,
				0F4B895721B6F8AA009D4270 /* fonfar.mp3 */,
				0F4B895621B6F8AA009D4270 /* PlaySoundFunction.swift */,
				0F26319B21718B2B006026F1 /* Assets.xcassets */,
				0F26319D21718B2B006026F1 /* LaunchScreen.storyboard */,
				0F2631A021718B2B006026F1 /* Info.plist */,
				0F26319421718B2A006026F1 /* AppDelegate.swift */,
			);
			name = "Supporting Files";
			sourceTree = "<group>";
		};
		0F26318821718B29006026F1 = {
			isa = PBXGroup;
			children = (
				0F26319321718B29006026F1 /* Stroop Game */,
				0F26319221718B29006026F1 /* Products */,
			);
			sourceTree = "<group>";
		};
		0F26319221718B29006026F1 /* Products */ = {
			isa = PBXGroup;
			children = (
				0F26319121718B29006026F1 /* Stroop Game.app */,
			);
			name = Products;
			sourceTree = "<group>";
		};
		0F26319321718B29006026F1 /* Stroop Game */ = {
			isa = PBXGroup;
			children = (
				0F26319821718B2A006026F1 /* Main.storyboard */,
				0F1A34392189484700873F96 /* Controllers */,
				0F1A343A2189485E00873F96 /* Models */,
				0F9307CE21B9C47A00558FC3 /* View */,
				0F1A343B2189486C00873F96 /* Supporting Files */,
			);
			path = "Stroop Game";
			sourceTree = "<group>";
		};
		0F93079B21B8597F00558FC3 /* Fonts */ = {
			isa = PBXGroup;
			children = (
				0F9307A021B85CB500558FC3 /* ES Cityscape.ttf */,
				0F93079E21B85CB500558FC3 /* ES Euphoria.ttf */,
				0F9307A321B85CB500558FC3 /* ES Exotica.ttf */,
				0F9307A421B85CB500558FC3 /* ES Fantastic Pete.ttf */,
				0F9307A121B85CB500558FC3 /* ES Kingthings Willow.ttf */,
				0F9307A221B85CB500558FC3 /* ES Kingthings.ttf */,
				0F9307B621B8617B00558FC3 /* ES Christmabet.ttf */,
				0F9307A821B85CB600558FC3 /* ES Merry Christmas.ttf */,
				0F9307BA21B8624500558FC3 /* ES Merry Christmas Flake.ttf */,
				0F9307C421B8635200558FC3 /* ES Christmas.ttf */,
				0F9307C521B8635200558FC3 /* ES Flakes.ttf */,
				0F9307CA21B863AC00558FC3 /* ES Christmas Tinsel.ttf */,
				0F9307BE21B8629D00558FC3 /* ES Hello Christmas.ttf */,
				0F9307C821B8638300558FC3 /* ES Christmas Sounds.ttf */,
				0F9307BB21B8624500558FC3 /* ES Merry Christmas Star.ttf */,
				0F9307CC21B863D300558FC3 /* ES Kingthings Christmas.ttf */,
				0F9307A521B85CB500558FC3 /* ES Moonstar.ttf */,
				0F9307B821B861C700558FC3 /* ES Christmas Eve.ttf */,
				0F9307C121B8630500558FC3 /* ES Christmas Lights Indoor.ttf */,
				0F9307C021B8630500558FC3 /* ES Christmas Lights Outdoor.ttf */,
				0F93079D21B85CB500558FC3 /* ES Gingerbread.ttf */,
				0F9307A721B85CB600558FC3 /* ES Snowfall.ttf */,
				0F93079C21B85CB500558FC3 /* ES American.ttf */,
				0F9307A621B85CB500558FC3 /* ES Valentine.ttf */,
				0F93079F21B85CB500558FC3 /* ES Revolt.ttf */,
			);
			name = Fonts;
			sourceTree = "<group>";
		};
		0F9307CE21B9C47A00558FC3 /* View */ = {
			isa = PBXGroup;
			children = (
				0F9307CF21B9C4EE00558FC3 /* LabelWithAdaptiveTextHeight.swift */,
			);
			name = View;
			sourceTree = "<group>";
		};
/* End PBXGroup section */

/* Begin PBXNativeTarget section */
		0F26319021718B29006026F1 /* Stroop Game */ = {
			isa = PBXNativeTarget;
			buildConfigurationList = 0F2631A321718B2B006026F1 /* Build configuration list for PBXNativeTarget "Stroop Game" */;
			buildPhases = (
				0F26318D21718B29006026F1 /* Sources */,
				0F26318E21718B29006026F1 /* Frameworks */,
				0F26318F21718B29006026F1 /* Resources */,
			);
			buildRules = (
			);
			dependencies = (
			);
			name = "Stroop Game";
			productName = "Stroop Game";
			productReference = 0F26319121718B29006026F1 /* Stroop Game.app */;
			productType = "com.apple.product-type.application";
		};
/* End PBXNativeTarget section */

/* Begin PBXProject section */
		0F26318921718B29006026F1 /* Project object */ = {
			isa = PBXProject;
			attributes = {
				LastSwiftUpdateCheck = 1000;
				LastUpgradeCheck = 1000;
				ORGANIZATIONNAME = "Eric Snow";
				TargetAttributes = {
					0F26319021718B29006026F1 = {
						CreatedOnToolsVersion = 10.0;
					};
				};
			};
			buildConfigurationList = 0F26318C21718B29006026F1 /* Build configuration list for PBXProject "Stroop Game" */;
			compatibilityVersion = "Xcode 9.3";
			developmentRegion = en;
			hasScannedForEncodings = 0;
			knownRegions = (
				en,
				Base,
			);
			mainGroup = 0F26318821718B29006026F1;
			productRefGroup = 0F26319221718B29006026F1 /* Products */;
			projectDirPath = "";
			projectRoot = "";
			targets = (
				0F26319021718B29006026F1 /* Stroop Game */,
			);
		};
/* End PBXProject section */

/* Begin PBXResourcesBuildPhase section */
		0F26318F21718B29006026F1 /* Resources */ = {
			isa = PBXResourcesBuildPhase;
			buildActionMask = 2147483647;
			files = (
				0F9307BC21B8624500558FC3 /* ES Merry Christmas Flake.ttf in Resources */,
				0F9307C921B8638300558FC3 /* ES Christmas Sounds.ttf in Resources */,
				0F4B895921B6F8AA009D4270 /* correct.mp3 in Resources */,
				0F9307BF21B8629D00558FC3 /* ES Hello Christmas.ttf in Resources */,
				0F9307AE21B85CB600558FC3 /* ES Kingthings Willow.ttf in Resources */,
				0F4B895821B6F8AA009D4270 /* bip.mp3 in Resources */,
				0F9307B321B85CB600558FC3 /* ES Valentine.ttf in Resources */,
				0F26319F21718B2B006026F1 /* LaunchScreen.storyboard in Resources */,
				0F9307CB21B863AC00558FC3 /* ES Christmas Tinsel.ttf in Resources */,
				0F9307B921B861C700558FC3 /* ES Christmas Eve.ttf in Resources */,
				0F9307B021B85CB600558FC3 /* ES Exotica.ttf in Resources */,
				0F9307AC21B85CB600558FC3 /* ES Revolt.ttf in Resources */,
				0F9307C221B8630500558FC3 /* ES Christmas Lights Outdoor.ttf in Resources */,
				0F4B895A21B6F8AA009D4270 /* clack.mp3 in Resources */,
				0F9307B521B85CB600558FC3 /* ES Merry Christmas.ttf in Resources */,
				0F9307AB21B85CB600558FC3 /* ES Euphoria.ttf in Resources */,
				0F9307B721B8617B00558FC3 /* ES Christmabet.ttf in Resources */,
				0F9307C721B8635200558FC3 /* ES Flakes.ttf in Resources */,
				0F9307BD21B8624500558FC3 /* ES Merry Christmas Star.ttf in Resources */,
				0F9307B121B85CB600558FC3 /* ES Fantastic Pete.ttf in Resources */,
				0F9307CD21B863D300558FC3 /* ES Kingthings Christmas.ttf in Resources */,
				0F9307B421B85CB600558FC3 /* ES Snowfall.ttf in Resources */,
				0F9307C321B8630500558FC3 /* ES Christmas Lights Indoor.ttf in Resources */,
				0F9307AA21B85CB600558FC3 /* ES Gingerbread.ttf in Resources */,
				0F9307A921B85CB600558FC3 /* ES American.ttf in Resources */,
				0F4B895D21B6F8AA009D4270 /* fonfar.mp3 in Resources */,
				0F9307C621B8635200558FC3 /* ES Christmas.ttf in Resources */,
				0F26319C21718B2B006026F1 /* Assets.xcassets in Resources */,
				0F9307AF21B85CB600558FC3 /* ES Kingthings.ttf in Resources */,
				0F9307AD21B85CB600558FC3 /* ES Cityscape.ttf in Resources */,
				0F9307B221B85CB600558FC3 /* ES Moonstar.ttf in Resources */,
				0F4B895B21B6F8AA009D4270 /* error.mp3 in Resources */,
				0F26319A21718B2A006026F1 /* Main.storyboard in Resources */,
			);
			runOnlyForDeploymentPostprocessing = 0;
		};
/* End PBXResourcesBuildPhase section */

/* Begin PBXSourcesBuildPhase section */
		0F26318D21718B29006026F1 /* Sources */ = {
			isa = PBXSourcesBuildPhase;
			buildActionMask = 2147483647;
			files = (
				0F26319721718B2A006026F1 /* GameViewController.swift in Sources */,
				0F1A34382187FD3F00873F96 /* GameModel.swift in Sources */,
				0FD2F3D32184077100F50A4F /* ScoreScreenViewController.swift in Sources */,
				0F4B895C21B6F8AA009D4270 /* PlaySoundFunction.swift in Sources */,
				0F26319521718B2A006026F1 /* AppDelegate.swift in Sources */,
				0F19F1AF219F670A001C8284 /* StartScreenViewController.swift in Sources */,
				0F9307D021B9C4EE00558FC3 /* LabelWithAdaptiveTextHeight.swift in Sources */,
			);
			runOnlyForDeploymentPostprocessing = 0;
		};
/* End PBXSourcesBuildPhase section */

/* Begin PBXVariantGroup section */
		0F26319821718B2A006026F1 /* Main.storyboard */ = {
			isa = PBXVariantGroup;
			children = (
				0F26319921718B2A006026F1 /* Base */,
			);
			name = Main.storyboard;
			sourceTree = "<group>";
		};
		0F26319D21718B2B006026F1 /* LaunchScreen.storyboard */ = {
			isa = PBXVariantGroup;
			children = (
				0F26319E21718B2B006026F1 /* Base */,
			);
			name = LaunchScreen.storyboard;
			sourceTree = "<group>";
		};
/* End PBXVariantGroup section */

/* Begin XCBuildConfiguration section */
		0F2631A121718B2B006026F1 /* Debug */ = {
			isa = XCBuildConfiguration;
			buildSettings = {
				ALWAYS_SEARCH_USER_PATHS = NO;
				CLANG_ANALYZER_NONNULL = YES;
				CLANG_ANALYZER_NUMBER_OBJECT_CONVERSION = YES_AGGRESSIVE;
				CLANG_CXX_LANGUAGE_STANDARD = "gnu++14";
				CLANG_CXX_LIBRARY = "libc++";
				CLANG_ENABLE_MODULES = YES;
				CLANG_ENABLE_OBJC_ARC = YES;
				CLANG_ENABLE_OBJC_WEAK = YES;
				CLANG_WARN_BLOCK_CAPTURE_AUTORELEASING = YES;
				CLANG_WARN_BOOL_CONVERSION = YES;
				CLANG_WARN_COMMA = YES;
				CLANG_WARN_CONSTANT_CONVERSION = YES;
				CLANG_WARN_DEPRECATED_OBJC_IMPLEMENTATIONS = YES;
				CLANG_WARN_DIRECT_OBJC_ISA_USAGE = YES_ERROR;
				CLANG_WARN_DOCUMENTATION_COMMENTS = YES;
				CLANG_WARN_EMPTY_BODY = YES;
				CLANG_WARN_ENUM_CONVERSION = YES;
				CLANG_WARN_INFINITE_RECURSION = YES;
				CLANG_WARN_INT_CONVERSION = YES;
				CLANG_WARN_NON_LITERAL_NULL_CONVERSION = YES;
				CLANG_WARN_OBJC_IMPLICIT_RETAIN_SELF = YES;
				CLANG_WARN_OBJC_LITERAL_CONVERSION = YES;
				CLANG_WARN_OBJC_ROOT_CLASS = YES_ERROR;
				CLANG_WARN_RANGE_LOOP_ANALYSIS = YES;
				CLANG_WARN_STRICT_PROTOTYPES = YES;
				CLANG_WARN_SUSPICIOUS_MOVE = YES;
				CLANG_WARN_UNGUARDED_AVAILABILITY = YES_AGGRESSIVE;
				CLANG_WARN_UNREACHABLE_CODE = YES;
				CLANG_WARN__DUPLICATE_METHOD_MATCH = YES;
				CODE_SIGN_IDENTITY = "iPhone Developer";
				COPY_PHASE_STRIP = NO;
				DEBUG_INFORMATION_FORMAT = dwarf;
				ENABLE_STRICT_OBJC_MSGSEND = YES;
				ENABLE_TESTABILITY = YES;
				GCC_C_LANGUAGE_STANDARD = gnu11;
				GCC_DYNAMIC_NO_PIC = NO;
				GCC_NO_COMMON_BLOCKS = YES;
				GCC_OPTIMIZATION_LEVEL = 0;
				GCC_PREPROCESSOR_DEFINITIONS = (
					"DEBUG=1",
					"$(inherited)",
				);
				GCC_WARN_64_TO_32_BIT_CONVERSION = YES;
				GCC_WARN_ABOUT_RETURN_TYPE = YES_ERROR;
				GCC_WARN_UNDECLARED_SELECTOR = YES;
				GCC_WARN_UNINITIALIZED_AUTOS = YES_AGGRESSIVE;
				GCC_WARN_UNUSED_FUNCTION = YES;
				GCC_WARN_UNUSED_VARIABLE = YES;
				IPHONEOS_DEPLOYMENT_TARGET = 12.0;
				MTL_ENABLE_DEBUG_INFO = INCLUDE_SOURCE;
				MTL_FAST_MATH = YES;
				ONLY_ACTIVE_ARCH = YES;
				SDKROOT = iphoneos;
				SWIFT_ACTIVE_COMPILATION_CONDITIONS = DEBUG;
				SWIFT_OPTIMIZATION_LEVEL = "-Onone";
			};
			name = Debug;
		};
		0F2631A221718B2B006026F1 /* Release */ = {
			isa = XCBuildConfiguration;
			buildSettings = {
				ALWAYS_SEARCH_USER_PATHS = NO;
				CLANG_ANALYZER_NONNULL = YES;
				CLANG_ANALYZER_NUMBER_OBJECT_CONVERSION = YES_AGGRESSIVE;
				CLANG_CXX_LANGUAGE_STANDARD = "gnu++14";
				CLANG_CXX_LIBRARY = "libc++";
				CLANG_ENABLE_MODULES = YES;
				CLANG_ENABLE_OBJC_ARC = YES;
				CLANG_ENABLE_OBJC_WEAK = YES;
				CLANG_WARN_BLOCK_CAPTURE_AUTORELEASING = YES;
				CLANG_WARN_BOOL_CONVERSION = YES;
				CLANG_WARN_COMMA = YES;
				CLANG_WARN_CONSTANT_CONVERSION = YES;
				CLANG_WARN_DEPRECATED_OBJC_IMPLEMENTATIONS = YES;
				CLANG_WARN_DIRECT_OBJC_ISA_USAGE = YES_ERROR;
				CLANG_WARN_DOCUMENTATION_COMMENTS = YES;
				CLANG_WARN_EMPTY_BODY = YES;
				CLANG_WARN_ENUM_CONVERSION = YES;
				CLANG_WARN_INFINITE_RECURSION = YES;
				CLANG_WARN_INT_CONVERSION = YES;
				CLANG_WARN_NON_LITERAL_NULL_CONVERSION = YES;
				CLANG_WARN_OBJC_IMPLICIT_RETAIN_SELF = YES;
				CLANG_WARN_OBJC_LITERAL_CONVERSION = YES;
				CLANG_WARN_OBJC_ROOT_CLASS = YES_ERROR;
				CLANG_WARN_RANGE_LOOP_ANALYSIS = YES;
				CLANG_WARN_STRICT_PROTOTYPES = YES;
				CLANG_WARN_SUSPICIOUS_MOVE = YES;
				CLANG_WARN_UNGUARDED_AVAILABILITY = YES_AGGRESSIVE;
				CLANG_WARN_UNREACHABLE_CODE = YES;
				CLANG_WARN__DUPLICATE_METHOD_MATCH = YES;
				CODE_SIGN_IDENTITY = "iPhone Developer";
				COPY_PHASE_STRIP = NO;
				DEBUG_INFORMATION_FORMAT = "dwarf-with-dsym";
				ENABLE_NS_ASSERTIONS = NO;
				ENABLE_STRICT_OBJC_MSGSEND = YES;
				GCC_C_LANGUAGE_STANDARD = gnu11;
				GCC_NO_COMMON_BLOCKS = YES;
				GCC_WARN_64_TO_32_BIT_CONVERSION = YES;
				GCC_WARN_ABOUT_RETURN_TYPE = YES_ERROR;
				GCC_WARN_UNDECLARED_SELECTOR = YES;
				GCC_WARN_UNINITIALIZED_AUTOS = YES_AGGRESSIVE;
				GCC_WARN_UNUSED_FUNCTION = YES;
				GCC_WARN_UNUSED_VARIABLE = YES;
				IPHONEOS_DEPLOYMENT_TARGET = 12.0;
				MTL_ENABLE_DEBUG_INFO = NO;
				MTL_FAST_MATH = YES;
				SDKROOT = iphoneos;
				SWIFT_COMPILATION_MODE = wholemodule;
				SWIFT_OPTIMIZATION_LEVEL = "-O";
				VALIDATE_PRODUCT = YES;
			};
			name = Release;
		};
		0F2631A421718B2B006026F1 /* Debug */ = {
			isa = XCBuildConfiguration;
			buildSettings = {
				ASSETCATALOG_COMPILER_APPICON_NAME = AppIcon;
				CODE_SIGN_STYLE = Automatic;
				DEVELOPMENT_TEAM = VA25NUK3T7;
				INFOPLIST_FILE = "Stroop Game/Info.plist";
				LD_RUNPATH_SEARCH_PATHS = (
					"$(inherited)",
					"@executable_path/Frameworks",
				);
				PRODUCT_BUNDLE_IDENTIFIER = "com.mediatech.ericsnow.Dev.Stroop-Game";
				PRODUCT_NAME = "$(TARGET_NAME)";
				SWIFT_VERSION = 4.2;
				TARGETED_DEVICE_FAMILY = "1,2";
			};
			name = Debug;
		};
		0F2631A521718B2B006026F1 /* Release */ = {
			isa = XCBuildConfiguration;
			buildSettings = {
				ASSETCATALOG_COMPILER_APPICON_NAME = AppIcon;
				CODE_SIGN_STYLE = Automatic;
				DEVELOPMENT_TEAM = VA25NUK3T7;
				INFOPLIST_FILE = "Stroop Game/Info.plist";
				LD_RUNPATH_SEARCH_PATHS = (
					"$(inherited)",
					"@executable_path/Frameworks",
				);
				PRODUCT_BUNDLE_IDENTIFIER = "com.mediatech.ericsnow.Dev.Stroop-Game";
				PRODUCT_NAME = "$(TARGET_NAME)";
				SWIFT_VERSION = 4.2;
				TARGETED_DEVICE_FAMILY = "1,2";
			};
			name = Release;
		};
/* End XCBuildConfiguration section */

/* Begin XCConfigurationList section */
		0F26318C21718B29006026F1 /* Build configuration list for PBXProject "Stroop Game" */ = {
			isa = XCConfigurationList;
			buildConfigurations = (
				0F2631A121718B2B006026F1 /* Debug */,
				0F2631A221718B2B006026F1 /* Release */,
			);
			defaultConfigurationIsVisible = 0;
			defaultConfigurationName = Release;
		};
		0F2631A321718B2B006026F1 /* Build configuration list for PBXNativeTarget "Stroop Game" */ = {
			isa = XCConfigurationList;
			buildConfigurations = (
				0F2631A421718B2B006026F1 /* Debug */,
				0F2631A521718B2B006026F1 /* Release */,
			);
			defaultConfigurationIsVisible = 0;
			defaultConfigurationName = Release;
		};
/* End XCConfigurationList section */
	};
	rootObject = 0F26318921718B29006026F1 /* Project object */;
}
